
Microsoft Visual Studio Solution File, Format Version 12.00
# Visual Studio 15
VisualStudioVersion = 15.0.27428.2002
MinimumVisualStudioVersion = 10.0.40219.1
Project("{9A19103F-16F7-4668-BE54-9A1E7A4F7556}") = "01ChainOfResponsibility", "01ChainOfResponsibility\01ChainOfResponsibility.csproj", "{FDECEA67-73FF-498E-9287-E001B19C536F}"
EndProject
Project("{9A19103F-16F7-4668-BE54-9A1E7A4F7556}") = "Object-Communication-and-Events-Lab", "Resourses\Object-Communication-and-Events-Lab.csproj", "{EDAC2208-220C-44BB-B08F-27AEC1E79BC1}"
EndProject
Project("{9A19103F-16F7-4668-BE54-9A1E7A4F7556}") = "Ex01EventImplementation", "Ex01EventImplementation\Ex01EventImplementation.csproj", "{F028A90F-90CD-4413-BD6D-FAA05BBC3638}"
EndProject
Project("{9A19103F-16F7-4668-BE54-9A1E7A4F7556}") = "Ex02KingsGambit", "Ex02KingsGambit\Ex02KingsGambit.csproj", "{F3743BC4-F3B4-4EB8-91A1-30F93D57E0EC}"
EndProject
Project("{FAE04EC0-301F-11D3-BF4B-00C04F79EFBC}") = "Ex03DependencyInversion", "Ex03DependencyInversion\Ex03DependencyInversion.csproj", "{AA261D07-F0F1-4583-916E-103D3162D293}"
EndProject
Project("{FAE04EC0-301F-11D3-BF4B-00C04F79EFBC}") = "Ex04WorkForce", "Ex04WorkForce\Ex04WorkForce.csproj", "{E5E6DF60-D72E-4C1E-A2C4-CFB552391AEE}"
EndProject
Global
	GlobalSection(SolutionConfigurationPlatforms) = preSolution
		Debug|Any CPU = Debug|Any CPU
		Release|Any CPU = Release|Any CPU
	EndGlobalSection
	GlobalSection(ProjectConfigurationPlatforms) = postSolution
		{FDECEA67-73FF-498E-9287-E001B19C536F}.Debug|Any CPU.ActiveCfg = Debug|Any CPU
		{FDECEA67-73FF-498E-9287-E001B19C536F}.Debug|Any CPU.Build.0 = Debug|Any CPU
		{FDECEA67-73FF-498E-9287-E001B19C536F}.Release|Any CPU.ActiveCfg = Release|Any CPU
		{FDECEA67-73FF-498E-9287-E001B19C536F}.Release|Any CPU.Build.0 = Release|Any CPU
		{EDAC2208-220C-44BB-B08F-27AEC1E79BC1}.Debug|Any CPU.ActiveCfg = Debug|Any CPU
		{EDAC2208-220C-44BB-B08F-27AEC1E79BC1}.Debug|Any CPU.Build.0 = Debug|Any CPU
		{EDAC2208-220C-44BB-B08F-27AEC1E79BC1}.Release|Any CPU.ActiveCfg = Release|Any CPU
		{EDAC2208-220C-44BB-B08F-27AEC1E79BC1}.Release|Any CPU.Build.0 = Release|Any CPU
		{F028A90F-90CD-4413-BD6D-FAA05BBC3638}.Debug|Any CPU.ActiveCfg = Debug|Any CPU
		{F028A90F-90CD-4413-BD6D-FAA05BBC3638}.Debug|Any CPU.Build.0 = Debug|Any CPU
		{F028A90F-90CD-4413-BD6D-FAA05BBC3638}.Release|Any CPU.ActiveCfg = Release|Any CPU
		{F028A90F-90CD-4413-BD6D-FAA05BBC3638}.Release|Any CPU.Build.0 = Release|Any CPU
		{F3743BC4-F3B4-4EB8-91A1-30F93D57E0EC}.Debug|Any CPU.ActiveCfg = Debug|Any CPU
		{F3743BC4-F3B4-4EB8-91A1-30F93D57E0EC}.Debug|Any CPU.Build.0 = Debug|Any CPU
		{F3743BC4-F3B4-4EB8-91A1-30F93D57E0EC}.Release|Any CPU.ActiveCfg = Release|Any CPU
		{F3743BC4-F3B4-4EB8-91A1-30F93D57E0EC}.Release|Any CPU.Build.0 = Release|Any CPU
		{AA261D07-F0F1-4583-916E-103D3162D293}.Debug|Any CPU.ActiveCfg = Debug|Any CPU
		{AA261D07-F0F1-4583-916E-103D3162D293}.Debug|Any CPU.Build.0 = Debug|Any CPU
		{AA261D07-F0F1-4583-916E-103D3162D293}.Release|Any CPU.ActiveCfg = Release|Any CPU
		{AA261D07-F0F1-4583-916E-103D3162D293}.Release|Any CPU.Build.0 = Release|Any CPU
		{E5E6DF60-D72E-4C1E-A2C4-CFB552391AEE}.Debug|Any CPU.ActiveCfg = Debug|Any CPU
		{E5E6DF60-D72E-4C1E-A2C4-CFB552391AEE}.Debug|Any CPU.Build.0 = Debug|Any CPU
		{E5E6DF60-D72E-4C1E-A2C4-CFB552391AEE}.Release|Any CPU.ActiveCfg = Release|Any CPU
		{E5E6DF60-D72E-4C1E-A2C4-CFB552391AEE}.Release|Any CPU.Build.0 = Release|Any CPU
	EndGlobalSection
	GlobalSection(SolutionProperties) = preSolution
		HideSolutionNode = FALSE
	EndGlobalSection
	GlobalSection(ExtensibilityGlobals) = postSolution
		SolutionGuid = {55F2A184-3AFC-4CE2-8759-DE19737018A2}
	EndGlobalSection
EndGlobal
