
Microsoft Visual Studio Solution File, Format Version 12.00
# Visual Studio 15
VisualStudioVersion = 15.0.27428.2002
MinimumVisualStudioVersion = 10.0.40219.1
Project("{FAE04EC0-301F-11D3-BF4B-00C04F79EFBC}") = "Task01Logger", "Task01Logger\Task01Logger.csproj", "{169818AC-ED4A-400E-B6F4-8B94E941AAB9}"
EndProject
Global
	GlobalSection(SolutionConfigurationPlatforms) = preSolution
		Debug|Any CPU = Debug|Any CPU
		Release|Any CPU = Release|Any CPU
	EndGlobalSection
	GlobalSection(ProjectConfigurationPlatforms) = postSolution
		{169818AC-ED4A-400E-B6F4-8B94E941AAB9}.Debug|Any CPU.ActiveCfg = Debug|Any CPU
		{169818AC-ED4A-400E-B6F4-8B94E941AAB9}.Debug|Any CPU.Build.0 = Debug|Any CPU
		{169818AC-ED4A-400E-B6F4-8B94E941AAB9}.Release|Any CPU.ActiveCfg = Release|Any CPU
		{169818AC-ED4A-400E-B6F4-8B94E941AAB9}.Release|Any CPU.Build.0 = Release|Any CPU
	EndGlobalSection
	GlobalSection(SolutionProperties) = preSolution
		HideSolutionNode = FALSE
	EndGlobalSection
	GlobalSection(ExtensibilityGlobals) = postSolution
		SolutionGuid = {64C2F39A-C31E-4295-A4FF-65736180466B}
	EndGlobalSection
EndGlobal
