
Microsoft Visual Studio Solution File, Format Version 12.00
# Visual Studio 15
VisualStudioVersion = 15.0.27428.2002
MinimumVisualStudioVersion = 10.0.40219.1
Project("{9A19103F-16F7-4668-BE54-9A1E7A4F7556}") = "01LabBoxOfT", "01LabBoxOfT\01LabBoxOfT.csproj", "{ACAEB4A9-3684-4936-AEDD-D8B627591FC2}"
EndProject
Project("{9A19103F-16F7-4668-BE54-9A1E7A4F7556}") = "02LabGenericArrayCreator", "02LabGenericArrayCreator\02LabGenericArrayCreator.csproj", "{F4322CEF-559C-4DFB-9982-7B2A27B8C67F}"
EndProject
Project("{9A19103F-16F7-4668-BE54-9A1E7A4F7556}") = "03LabScale", "03LabScale\03LabScale.csproj", "{4CAE889F-1E4F-4659-960A-5DFCB68FF8ED}"
EndProject
Project("{9A19103F-16F7-4668-BE54-9A1E7A4F7556}") = "01_Ex_GenericBox", "01_Ex_GenericBox\01_Ex_GenericBox.csproj", "{58C5AB62-42A7-47BD-95A7-0DE3EFC3600D}"
EndProject
Project("{9A19103F-16F7-4668-BE54-9A1E7A4F7556}") = "04_Ex_GenericSwapMethod", "04_Ex_GenericSwapMethod\04_Ex_GenericSwapMethod.csproj", "{25A70856-3120-46C7-94B7-0E8EF42CBBA8}"
EndProject
Project("{9A19103F-16F7-4668-BE54-9A1E7A4F7556}") = "05_Ex_GenericCountMethodStrings", "05_Ex_GenericCountMethodStrings\05_Ex_GenericCountMethodStrings.csproj", "{54D7E14F-A8A5-4476-8114-2C5593661CF1}"
EndProject
Project("{9A19103F-16F7-4668-BE54-9A1E7A4F7556}") = "07_Ex_CustomList", "07_Ex_CustomList\07_Ex_CustomList.csproj", "{0EDFC7CF-7D42-44F9-8B98-6411A09BCE65}"
EndProject
Project("{FAE04EC0-301F-11D3-BF4B-00C04F79EFBC}") = "10_Ex_Tuple", "10_Ex_Tuple\10_Ex_Tuple.csproj", "{E114BA4F-07A9-4F01-A626-9A5105B78BD5}"
EndProject
Project("{FAE04EC0-301F-11D3-BF4B-00C04F79EFBC}") = "11_Ex_Threeuple", "11_Ex_Threeuple\11_Ex_Threeuple.csproj", "{F7E39387-B331-45A2-9472-C7CE179CA619}"
EndProject
Global
	GlobalSection(SolutionConfigurationPlatforms) = preSolution
		Debug|Any CPU = Debug|Any CPU
		Release|Any CPU = Release|Any CPU
	EndGlobalSection
	GlobalSection(ProjectConfigurationPlatforms) = postSolution
		{ACAEB4A9-3684-4936-AEDD-D8B627591FC2}.Debug|Any CPU.ActiveCfg = Debug|Any CPU
		{ACAEB4A9-3684-4936-AEDD-D8B627591FC2}.Debug|Any CPU.Build.0 = Debug|Any CPU
		{ACAEB4A9-3684-4936-AEDD-D8B627591FC2}.Release|Any CPU.ActiveCfg = Release|Any CPU
		{ACAEB4A9-3684-4936-AEDD-D8B627591FC2}.Release|Any CPU.Build.0 = Release|Any CPU
		{F4322CEF-559C-4DFB-9982-7B2A27B8C67F}.Debug|Any CPU.ActiveCfg = Debug|Any CPU
		{F4322CEF-559C-4DFB-9982-7B2A27B8C67F}.Debug|Any CPU.Build.0 = Debug|Any CPU
		{F4322CEF-559C-4DFB-9982-7B2A27B8C67F}.Release|Any CPU.ActiveCfg = Release|Any CPU
		{F4322CEF-559C-4DFB-9982-7B2A27B8C67F}.Release|Any CPU.Build.0 = Release|Any CPU
		{4CAE889F-1E4F-4659-960A-5DFCB68FF8ED}.Debug|Any CPU.ActiveCfg = Debug|Any CPU
		{4CAE889F-1E4F-4659-960A-5DFCB68FF8ED}.Debug|Any CPU.Build.0 = Debug|Any CPU
		{4CAE889F-1E4F-4659-960A-5DFCB68FF8ED}.Release|Any CPU.ActiveCfg = Release|Any CPU
		{4CAE889F-1E4F-4659-960A-5DFCB68FF8ED}.Release|Any CPU.Build.0 = Release|Any CPU
		{58C5AB62-42A7-47BD-95A7-0DE3EFC3600D}.Debug|Any CPU.ActiveCfg = Debug|Any CPU
		{58C5AB62-42A7-47BD-95A7-0DE3EFC3600D}.Debug|Any CPU.Build.0 = Debug|Any CPU
		{58C5AB62-42A7-47BD-95A7-0DE3EFC3600D}.Release|Any CPU.ActiveCfg = Release|Any CPU
		{58C5AB62-42A7-47BD-95A7-0DE3EFC3600D}.Release|Any CPU.Build.0 = Release|Any CPU
		{25A70856-3120-46C7-94B7-0E8EF42CBBA8}.Debug|Any CPU.ActiveCfg = Debug|Any CPU
		{25A70856-3120-46C7-94B7-0E8EF42CBBA8}.Debug|Any CPU.Build.0 = Debug|Any CPU
		{25A70856-3120-46C7-94B7-0E8EF42CBBA8}.Release|Any CPU.ActiveCfg = Release|Any CPU
		{25A70856-3120-46C7-94B7-0E8EF42CBBA8}.Release|Any CPU.Build.0 = Release|Any CPU
		{54D7E14F-A8A5-4476-8114-2C5593661CF1}.Debug|Any CPU.ActiveCfg = Debug|Any CPU
		{54D7E14F-A8A5-4476-8114-2C5593661CF1}.Debug|Any CPU.Build.0 = Debug|Any CPU
		{54D7E14F-A8A5-4476-8114-2C5593661CF1}.Release|Any CPU.ActiveCfg = Release|Any CPU
		{54D7E14F-A8A5-4476-8114-2C5593661CF1}.Release|Any CPU.Build.0 = Release|Any CPU
		{0EDFC7CF-7D42-44F9-8B98-6411A09BCE65}.Debug|Any CPU.ActiveCfg = Debug|Any CPU
		{0EDFC7CF-7D42-44F9-8B98-6411A09BCE65}.Debug|Any CPU.Build.0 = Debug|Any CPU
		{0EDFC7CF-7D42-44F9-8B98-6411A09BCE65}.Release|Any CPU.ActiveCfg = Release|Any CPU
		{0EDFC7CF-7D42-44F9-8B98-6411A09BCE65}.Release|Any CPU.Build.0 = Release|Any CPU
		{E114BA4F-07A9-4F01-A626-9A5105B78BD5}.Debug|Any CPU.ActiveCfg = Debug|Any CPU
		{E114BA4F-07A9-4F01-A626-9A5105B78BD5}.Debug|Any CPU.Build.0 = Debug|Any CPU
		{E114BA4F-07A9-4F01-A626-9A5105B78BD5}.Release|Any CPU.ActiveCfg = Release|Any CPU
		{E114BA4F-07A9-4F01-A626-9A5105B78BD5}.Release|Any CPU.Build.0 = Release|Any CPU
		{F7E39387-B331-45A2-9472-C7CE179CA619}.Debug|Any CPU.ActiveCfg = Debug|Any CPU
		{F7E39387-B331-45A2-9472-C7CE179CA619}.Debug|Any CPU.Build.0 = Debug|Any CPU
		{F7E39387-B331-45A2-9472-C7CE179CA619}.Release|Any CPU.ActiveCfg = Release|Any CPU
		{F7E39387-B331-45A2-9472-C7CE179CA619}.Release|Any CPU.Build.0 = Release|Any CPU
	EndGlobalSection
	GlobalSection(SolutionProperties) = preSolution
		HideSolutionNode = FALSE
	EndGlobalSection
	GlobalSection(ExtensibilityGlobals) = postSolution
		SolutionGuid = {2ADE1DEA-3586-462B-BBD4-2BD0CD65026C}
	EndGlobalSection
EndGlobal
